PODS:
  - CSV.swift (2.4.3)
  - MD-Extensions (0.9)
  - MDEnvironmentManager (4.0.0):
    - CSV.swift (~> 2.0)
    - MD-Extensions (~> 0)

DEPENDENCIES:
  - MDEnvironmentManager (from `./MDEnvironmentManager.podspec`)

SPEC REPOS:
  https://github.com/CocoaPods/Specs.git:
    - CSV.swift
  https://github.com/markitondemand/MDPodSpecs.git:
    - MD-Extensions

EXTERNAL SOURCES:
  MDEnvironmentManager:
    :path: "./MDEnvironmentManager.podspec"

SPEC CHECKSUMS:
  CSV.swift: d38741b349c067b4a6db42237cb0e2974d21ccac
  MD-Extensions: 8de3d2a989f48a56244c6ae3c7362a70bd21ce60
  MDEnvironmentManager: 3ad1f76b5742f9a727f0fd7c81c15aa00e46a66b

PODFILE CHECKSUM: f51045d763cf837d5dddb1ebe55508db392c3673

COCOAPODS: 1.9.3
