PODS:
  - CSV.swift (2.0.1)
  - MD-Extensions (0.8)
  - MDEnvironmentManager (0.10.1):
    - CSV.swift (~> 2.0)
    - MD-Extensions

DEPENDENCIES:
  - MDEnvironmentManager (from `./MDEnvironmentManager.podspec`)

EXTERNAL SOURCES:
  MDEnvironmentManager:
    :path: "./MDEnvironmentManager.podspec"

SPEC CHECKSUMS:
  CSV.swift: b3b6390c1674982fd0086e96939360094dcdd402
  MD-Extensions: ae0d5239a8adb5db8dc28e984453c56b7eac015e
  MDEnvironmentManager: 462960fbef18fc721936b31db6c189ca0ef44c85

PODFILE CHECKSUM: b2ce199b71b4369e2d1f8cfdc16c9b0a6fdf9981

COCOAPODS: 1.2.0
